
Microsoft Visual Studio Solution File, Format Version 12.00
# Visual Studio Version 16
VisualStudioVersion = 16.0.30413.136
MinimumVisualStudioVersion = 10.0.40219.1
Project("{8BC9CEB8-8B4A-11D0-8D11-00A0C91BC942}") = "OpenGloves", "OpenGloves.vcxproj", "{E9F07C0E-B5A2-4119-8473-BD3783CE73A0}"
EndProject
Global
	GlobalSection(SolutionConfigurationPlatforms) = preSolution
		Debug|x64 = Debug|x64
		Debug|x86 = Debug|x86
		Release|x64 = Release|x64
		Release|x86 = Release|x86
	EndGlobalSection
	GlobalSection(ProjectConfigurationPlatforms) = postSolution
		{E9F07C0E-B5A2-4119-8473-BD3783CE73A0}.Debug|x64.ActiveCfg = Debug|x64
		{E9F07C0E-B5A2-4119-8473-BD3783CE73A0}.Debug|x64.Build.0 = Debug|x64
		{E9F07C0E-B5A2-4119-8473-BD3783CE73A0}.Debug|x86.ActiveCfg = Debug|Win32
		{E9F07C0E-B5A2-4119-8473-BD3783CE73A0}.Debug|x86.Build.0 = Debug|Win32
		{E9F07C0E-B5A2-4119-8473-BD3783CE73A0}.Release|x64.ActiveCfg = Release|x64
		{E9F07C0E-B5A2-4119-8473-BD3783CE73A0}.Release|x64.Build.0 = Release|x64
		{E9F07C0E-B5A2-4119-8473-BD3783CE73A0}.Release|x86.ActiveCfg = Release|Win32
		{E9F07C0E-B5A2-4119-8473-BD3783CE73A0}.Release|x86.Build.0 = Release|Win32
	EndGlobalSection
	GlobalSection(SolutionProperties) = preSolution
		HideSolutionNode = FALSE
	EndGlobalSection
	GlobalSection(ExtensibilityGlobals) = postSolution
		SolutionGuid = {A6B28A42-1CA9-4B5D-8AE0-AE6BE02B95F5}
	EndGlobalSection
EndGlobal
